<?xml version="1.0" encoding="utf-8"?>
<Project ToolsVersion="4.0" xmlns="http://schemas.microsoft.com/developer/msbuild/2003">
  <ItemGroup>
    <Filter Include="源文件">
      <UniqueIdentifier>{4FC737F1-C7A5-4376-A066-2A32D752A2FF}</UniqueIdentifier>
      <Extensions>cpp;c;cc;cxx;c++;cppm;ixx;def;odl;idl;hpj;bat;asm;asmx</Extensions>
    </Filter>
    <Filter Include="头文件">
      <UniqueIdentifier>{93995380-89BD-4b04-88EB-625FBE52EBFB}</UniqueIdentifier>
      <Extensions>h;hh;hpp;hxx;h++;hm;inl;inc;ipp;xsd</Extensions>
    </Filter>
    <Filter Include="资源文件">
      <UniqueIdentifier>{67DA6AB6-F800-4c08-8B7A-83BB121AAD01}</UniqueIdentifier>
      <Extensions>rc;ico;cur;bmp;dlg;rc2;rct;bin;rgs;gif;jpg;jpeg;jpe;resx;tiff;tif;png;wav;mfcribbon-ms</Extensions>
    </Filter>
    <Filter Include="tcp">
      <UniqueIdentifier>{d39c8bc6-1cd4-4d04-b508-ca3ee6f4f588}</UniqueIdentifier>
    </Filter>
    <Filter Include="Lock">
      <UniqueIdentifier>{872dd037-caa9-4006-9242-2ee7b7e32210}</UniqueIdentifier>
    </Filter>
  </ItemGroup>
  <ItemGroup>
    <ClCompile Include="ControlServer.cpp">
      <Filter>源文件</Filter>
    </ClCompile>
    <ClCompile Include="Server.cpp">
      <Filter>源文件</Filter>
    </ClCompile>
    <ClCompile Include="InitSockLib.cpp">
      <Filter>tcp</Filter>
    </ClCompile>
    <ClCompile Include="TcpSocket.cpp">
      <Filter>tcp</Filter>
    </ClCompile>
    <ClCompile Include="CLock.cpp">
      <Filter>Lock</Filter>
    </ClCompile>
  </ItemGroup>
  <ItemGroup>
    <ClInclude Include="Server.h">
      <Filter>头文件</Filter>
    </ClInclude>
    <ClInclude Include="InitSockLib.h">
      <Filter>tcp</Filter>
    </ClInclude>
    <ClInclude Include="TcpSocket.h">
      <Filter>tcp</Filter>
    </ClInclude>
    <ClInclude Include="common.h">
      <Filter>tcp</Filter>
    </ClInclude>
    <ClInclude Include="CLock.h">
      <Filter>Lock</Filter>
    </ClInclude>
  </ItemGroup>
</Project>